
Microsoft Visual Studio Solution File, Format Version 12.00
# Visual Studio 15
VisualStudioVersion = 15.0.27703.2018
MinimumVisualStudioVersion = 10.0.40219.1
Project("{FAE04EC0-301F-11D3-BF4B-00C04F79EFBC}") = "GigHub", "GigHub\GigHub.csproj", "{A1BDE7A4-8534-412B-BD4C-819CB78C770F}"
EndProject
Project("{FAE04EC0-301F-11D3-BF4B-00C04F79EFBC}") = "GigHub.Tests", "GigHub.Tests\GigHub.Tests.csproj", "{40BBCF32-774E-41FC-9617-DDB9D83CA7A8}"
EndProject
Global
	GlobalSection(SolutionConfigurationPlatforms) = preSolution
		Debug|Any CPU = Debug|Any CPU
		Release|Any CPU = Release|Any CPU
	EndGlobalSection
	GlobalSection(ProjectConfigurationPlatforms) = postSolution
		{A1BDE7A4-8534-412B-BD4C-819CB78C770F}.Debug|Any CPU.ActiveCfg = Debug|Any CPU
		{A1BDE7A4-8534-412B-BD4C-819CB78C770F}.Debug|Any CPU.Build.0 = Debug|Any CPU
		{A1BDE7A4-8534-412B-BD4C-819CB78C770F}.Release|Any CPU.ActiveCfg = Release|Any CPU
		{A1BDE7A4-8534-412B-BD4C-819CB78C770F}.Release|Any CPU.Build.0 = Release|Any CPU
		{40BBCF32-774E-41FC-9617-DDB9D83CA7A8}.Debug|Any CPU.ActiveCfg = Debug|Any CPU
		{40BBCF32-774E-41FC-9617-DDB9D83CA7A8}.Debug|Any CPU.Build.0 = Debug|Any CPU
		{40BBCF32-774E-41FC-9617-DDB9D83CA7A8}.Release|Any CPU.ActiveCfg = Release|Any CPU
		{40BBCF32-774E-41FC-9617-DDB9D83CA7A8}.Release|Any CPU.Build.0 = Release|Any CPU
	EndGlobalSection
	GlobalSection(SolutionProperties) = preSolution
		HideSolutionNode = FALSE
	EndGlobalSection
	GlobalSection(ExtensibilityGlobals) = postSolution
		SolutionGuid = {222A68E0-BE90-4E99-9CE6-BBB4D2173431}
	EndGlobalSection
EndGlobal
